
Microsoft Visual Studio Solution File, Format Version 12.00
# Visual Studio Version 17
VisualStudioVersion = 17.10.35004.147
MinimumVisualStudioVersion = 10.0.40219.1
Project("{9A19103F-16F7-4668-BE54-9A1E7A4F7556}") = "BulkyWebFinal", "BulkyWebFinal\BulkyWebFinal.csproj", "{4C159874-4AD9-4123-9FC5-4D1913413EA9}"
EndProject
Project("{FAE04EC0-301F-11D3-BF4B-00C04F79EFBC}") = "Bulky.DataAccess", "Bulky.DataAccess\Bulky.DataAccess.csproj", "{A67938AF-F5F2-4040-9732-420374104EE1}"
EndProject
Project("{FAE04EC0-301F-11D3-BF4B-00C04F79EFBC}") = "Bulky.Models", "Bulky.Models\Bulky.Models.csproj", "{FC8C6F6C-C1D3-464C-A511-EF611D13F819}"
EndProject
Project("{FAE04EC0-301F-11D3-BF4B-00C04F79EFBC}") = "Bulky.Utility", "Bulky.Utility\Bulky.Utility.csproj", "{DD3D0B4E-DEDF-4AE6-B2F3-D1D0D3F6CCBB}"
EndProject
Global
	GlobalSection(SolutionConfigurationPlatforms) = preSolution
		Debug|Any CPU = Debug|Any CPU
		Release|Any CPU = Release|Any CPU
	EndGlobalSection
	GlobalSection(ProjectConfigurationPlatforms) = postSolution
		{4C159874-4AD9-4123-9FC5-4D1913413EA9}.Debug|Any CPU.ActiveCfg = Debug|Any CPU
		{4C159874-4AD9-4123-9FC5-4D1913413EA9}.Debug|Any CPU.Build.0 = Debug|Any CPU
		{4C159874-4AD9-4123-9FC5-4D1913413EA9}.Release|Any CPU.ActiveCfg = Release|Any CPU
		{4C159874-4AD9-4123-9FC5-4D1913413EA9}.Release|Any CPU.Build.0 = Release|Any CPU
		{A67938AF-F5F2-4040-9732-420374104EE1}.Debug|Any CPU.ActiveCfg = Debug|Any CPU
		{A67938AF-F5F2-4040-9732-420374104EE1}.Debug|Any CPU.Build.0 = Debug|Any CPU
		{A67938AF-F5F2-4040-9732-420374104EE1}.Release|Any CPU.ActiveCfg = Release|Any CPU
		{A67938AF-F5F2-4040-9732-420374104EE1}.Release|Any CPU.Build.0 = Release|Any CPU
		{FC8C6F6C-C1D3-464C-A511-EF611D13F819}.Debug|Any CPU.ActiveCfg = Debug|Any CPU
		{FC8C6F6C-C1D3-464C-A511-EF611D13F819}.Debug|Any CPU.Build.0 = Debug|Any CPU
		{FC8C6F6C-C1D3-464C-A511-EF611D13F819}.Release|Any CPU.ActiveCfg = Release|Any CPU
		{FC8C6F6C-C1D3-464C-A511-EF611D13F819}.Release|Any CPU.Build.0 = Release|Any CPU
		{DD3D0B4E-DEDF-4AE6-B2F3-D1D0D3F6CCBB}.Debug|Any CPU.ActiveCfg = Debug|Any CPU
		{DD3D0B4E-DEDF-4AE6-B2F3-D1D0D3F6CCBB}.Debug|Any CPU.Build.0 = Debug|Any CPU
		{DD3D0B4E-DEDF-4AE6-B2F3-D1D0D3F6CCBB}.Release|Any CPU.ActiveCfg = Release|Any CPU
		{DD3D0B4E-DEDF-4AE6-B2F3-D1D0D3F6CCBB}.Release|Any CPU.Build.0 = Release|Any CPU
	EndGlobalSection
	GlobalSection(SolutionProperties) = preSolution
		HideSolutionNode = FALSE
	EndGlobalSection
	GlobalSection(ExtensibilityGlobals) = postSolution
		SolutionGuid = {553BA4DD-6DB0-451B-A95C-5FA308F607BF}
	EndGlobalSection
EndGlobal
